
Microsoft Visual Studio Solution File, Format Version 12.00
# Visual Studio 14
VisualStudioVersion = 14.0.25123.0
MinimumVisualStudioVersion = 10.0.40219.1
Project("{2150E333-8FDC-42A3-9474-1A3956D46DE8}") = "Combinatorics", "Combinatorics", "{8E993CD4-6C0A-42EE-BB12-D806A47E91D3}"
EndProject
Project("{FAE04EC0-301F-11D3-BF4B-00C04F79EFBC}") = "Variations", "Variations\Variations.csproj", "{87F47C6B-34E5-4451-B69C-4AAB1EFDB47D}"
EndProject
Project("{FAE04EC0-301F-11D3-BF4B-00C04F79EFBC}") = "VariationsIterative", "VariationsIterative\VariationsIterative.csproj", "{CD701764-D075-4039-9AD8-6B556B8130AF}"
EndProject
Project("{FAE04EC0-301F-11D3-BF4B-00C04F79EFBC}") = "VariationsNoRep", "VariationsNoRep\VariationsNoRep.csproj", "{3585D58B-534D-4A9E-B313-9777F1413CFC}"
EndProject
Project("{FAE04EC0-301F-11D3-BF4B-00C04F79EFBC}") = "PermutationsWithRepetitions", "PermutationsWithRepetitions\PermutationsWithRepetitions.csproj", "{A62CC696-13A4-4E26-9092-183C380BFA41}"
EndProject
Project("{FAE04EC0-301F-11D3-BF4B-00C04F79EFBC}") = "CombinationsWithoutRepetition", "CombinationsWithoutRepetition\CombinationsWithoutRepetition.csproj", "{52D9B006-1E14-4DA7-9F33-8828B52E2DC9}"
EndProject
Project("{FAE04EC0-301F-11D3-BF4B-00C04F79EFBC}") = "Variations-with-Repetition", "Variations-with-Repetition\Variations-with-Repetition.csproj", "{B4A25B0F-0A88-4681-A1D9-DE76E1437DD7}"
EndProject
Project("{FAE04EC0-301F-11D3-BF4B-00C04F79EFBC}") = "Variations-without-Repetition", "Variations-without-Repetition\Variations-without-Repetition.csproj", "{698979D9-E850-4F07-BFA1-D73C3D9BEC44}"
EndProject
Project("{FAE04EC0-301F-11D3-BF4B-00C04F79EFBC}") = "Combinations-with-Repetition", "Combinations-with-Repetition\Combinations-with-Repetition.csproj", "{A9710D19-9766-4646-8975-7D9BA304B172}"
EndProject
Project("{FAE04EC0-301F-11D3-BF4B-00C04F79EFBC}") = "Combinations-without-Repetition", "Combinations-without-Repetition\Combinations-without-Repetition.csproj", "{134362D1-2083-4E9F-8E90-4C580BA95659}"
EndProject
Project("{FAE04EC0-301F-11D3-BF4B-00C04F79EFBC}") = "Combinations-without-Repetition-with-Iteration", "Combinations-without-Repetition-with-Iteration\Combinations-without-Repetition-with-Iteration.csproj", "{5BEADB34-45A5-45B8-A391-032DD6DE57C6}"
EndProject
Project("{FAE04EC0-301F-11D3-BF4B-00C04F79EFBC}") = "Generate-Subsets-Of-String-Array", "Generate-Subsets-Of-String-Array\Generate-Subsets-Of-String-Array.csproj", "{A56940A4-FB2B-4DD4-AE9A-40E71D028CBE}"
EndProject
Project("{FAE04EC0-301F-11D3-BF4B-00C04F79EFBC}") = "Snakes", "Snakes\Snakes.csproj", "{E50852F2-C609-47C9-B3E5-A0313EEA62AB}"
EndProject
Project("{FAE04EC0-301F-11D3-BF4B-00C04F79EFBC}") = "Cubes", "Cubes\Cubes.csproj", "{F4A95425-C447-4A58-A730-3D87789C9F36}"
EndProject
Project("{2150E333-8FDC-42A3-9474-1A3956D46DE8}") = "Sorting-Algorithms", "Sorting-Algorithms", "{9343F1D6-2EBF-4EC6-8718-1F990786F6F7}"
EndProject
Project("{FAE04EC0-301F-11D3-BF4B-00C04F79EFBC}") = "Mergesort", "Mergesort\Mergesort.csproj", "{15744058-F06D-4553-BD68-02B16375AE62}"
EndProject
Project("{2150E333-8FDC-42A3-9474-1A3956D46DE8}") = "Lab", "Lab", "{821CA954-E0FC-496E-8C74-6BAC5DF98D9F}"
EndProject
Project("{FAE04EC0-301F-11D3-BF4B-00C04F79EFBC}") = "Sortable-Collection", "Sorting-and-Searching-Algorithms-Lab\Sortable-Collection\Sortable-Collection.csproj", "{01E33253-5A8E-407D-A1D1-318FC070282A}"
EndProject
Project("{FAE04EC0-301F-11D3-BF4B-00C04F79EFBC}") = "Sortable-Collection.Tests", "Sorting-and-Searching-Algorithms-Lab\Sortable-Collection.Tests\Sortable-Collection.Tests.csproj", "{789E4757-15E3-453D-ACAC-F5D5553521FF}"
EndProject
Project("{FAE04EC0-301F-11D3-BF4B-00C04F79EFBC}") = "Words", "Words\Words.csproj", "{F37CA890-5C74-4911-A407-82D30FBE2C52}"
EndProject
Project("{FAE04EC0-301F-11D3-BF4B-00C04F79EFBC}") = "Needles", "Needles\Needles.csproj", "{E6921BA2-FBAC-439F-9125-7A644AC8E483}"
EndProject
Project("{2150E333-8FDC-42A3-9474-1A3956D46DE8}") = "Dynamic-Programming", "Dynamic-Programming", "{0A95A03F-3B9F-4E44-A26D-5C305E2E6098}"
EndProject
Project("{2150E333-8FDC-42A3-9474-1A3956D46DE8}") = "Lab", "Lab", "{F97F10DF-67CE-427F-9900-ACD42D012817}"
EndProject
Project("{FAE04EC0-301F-11D3-BF4B-00C04F79EFBC}") = "Knapsack-Problem", "Dynamic-Programming-Lab\Knapsack-Problem\Knapsack-Problem.csproj", "{05B98452-E394-47D9-94A3-C36B0BEFA88D}"
EndProject
Project("{FAE04EC0-301F-11D3-BF4B-00C04F79EFBC}") = "Knapsack-Problem.Tests", "Dynamic-Programming-Lab\Knapsack-Problem.Tests\Knapsack-Problem.Tests.csproj", "{3E612A76-5B73-4FF5-9442-35223AFD9376}"
EndProject
Project("{FAE04EC0-301F-11D3-BF4B-00C04F79EFBC}") = "Longest-Common-Subsequence", "Dynamic-Programming-Lab\Longest-Common-Subsequence\Longest-Common-Subsequence.csproj", "{6B50D40E-ED95-4AF2-9EBC-B91114CFD601}"
EndProject
Project("{FAE04EC0-301F-11D3-BF4B-00C04F79EFBC}") = "Longest-Common-Subsequence.Tests", "Dynamic-Programming-Lab\Longest-Common-Subsequence.Tests\Longest-Common-Subsequence.Tests.csproj", "{52701C41-3C97-4C86-81F1-ED0A882C0699}"
EndProject
Project("{FAE04EC0-301F-11D3-BF4B-00C04F79EFBC}") = "Longest-Increasing-Subsequence", "Dynamic-Programming-Lab\Longest-Increasing-Subsequence\Longest-Increasing-Subsequence.csproj", "{AADD67FA-1F14-4873-A5DE-DC40A01E6E27}"
EndProject
Project("{FAE04EC0-301F-11D3-BF4B-00C04F79EFBC}") = "Longest-Increasing-Subsequence.Tests", "Dynamic-Programming-Lab\Longest-Increasing-Subsequence.Tests\Longest-Increasing-Subsequence.Tests.csproj", "{AF3A73C7-ADAB-44BB-9D3B-AB54F46B5E7A}"
EndProject
Project("{FAE04EC0-301F-11D3-BF4B-00C04F79EFBC}") = "Move-Down-Right-Sum-Problem", "Move-Down-Right-Sum-Problem\Move-Down-Right-Sum-Problem.csproj", "{3DE9A741-171D-4AAE-8D16-1157A2C21177}"
EndProject
Project("{FAE04EC0-301F-11D3-BF4B-00C04F79EFBC}") = "Binomial-Coefficients", "Binomial-Coefficients\Binomial-Coefficients.csproj", "{7E4B9F67-71D0-4691-A12F-688F35E0136B}"
EndProject
Project("{FAE04EC0-301F-11D3-BF4B-00C04F79EFBC}") = "Longest-Zig-Zag-Subsequence", "Longest-Zig-Zag-Subsequence\Longest-Zig-Zag-Subsequence.csproj", "{380CE1A2-010B-499A-8B06-BB11B98CB75A}"
EndProject
Project("{FAE04EC0-301F-11D3-BF4B-00C04F79EFBC}") = "Dividing-Presents", "Dividing-Presents\Dividing-Presents.csproj", "{2BF592C5-1EED-4091-A8FF-612334D0406B}"
EndProject
Project("{FAE04EC0-301F-11D3-BF4B-00C04F79EFBC}") = "Sum-With-Unlimited-Coins", "Sum-With-Unlimited-Coins\Sum-With-Unlimited-Coins.csproj", "{1A76C388-6E5C-4E29-B78D-43B4D35853AA}"
EndProject
Project("{2150E333-8FDC-42A3-9474-1A3956D46DE8}") = "GraphAlgorithms", "GraphAlgorithms", "{D27D385A-015C-4D58-A664-13F6B0317D19}"
EndProject
Project("{2150E333-8FDC-42A3-9474-1A3956D46DE8}") = "Lab", "Lab", "{4AB61223-60E7-4ADB-9398-6142D1DA91BE}"
EndProject
Project("{FAE04EC0-301F-11D3-BF4B-00C04F79EFBC}") = "1. DFS-Graph-Traversal", "Graphs-and-Graph-Algorithms-Lab\DFS-Graph-Traversal\1. DFS-Graph-Traversal.csproj", "{2CB50F92-35AF-47E5-BA6F-02446AACD536}"
EndProject
Project("{FAE04EC0-301F-11D3-BF4B-00C04F79EFBC}") = "2. DFS-Graph-Traversal.Tests", "Graphs-and-Graph-Algorithms-Lab\DFS-Graph-Traversal.Tests\2. DFS-Graph-Traversal.Tests.csproj", "{7B2961BD-EBA1-4578-B3A5-446B08225683}"
EndProject
Project("{FAE04EC0-301F-11D3-BF4B-00C04F79EFBC}") = "3. Topological-Sorting", "Graphs-and-Graph-Algorithms-Lab\Topological-Sorting\3. Topological-Sorting.csproj", "{13600D00-9867-44C5-AEFE-76BBEA609AD4}"
EndProject
Project("{FAE04EC0-301F-11D3-BF4B-00C04F79EFBC}") = "4. Topological-Sorting.Tests", "Graphs-and-Graph-Algorithms-Lab\Topological-Sorting.Tests\4. Topological-Sorting.Tests.csproj", "{0D2A53DF-777D-4A9F-A86D-1CF8610F9C39}"
EndProject
Project("{FAE04EC0-301F-11D3-BF4B-00C04F79EFBC}") = "Distance-Between-Vertices", "Distance-Between-Vertices\Distance-Between-Vertices.csproj", "{98B3AFAE-19EB-4CBF-9BD2-0E7341F6B13B}"
EndProject
Project("{FAE04EC0-301F-11D3-BF4B-00C04F79EFBC}") = "Areas-In-Matrix", "Areas-In-Matrix\Areas-In-Matrix.csproj", "{D9844E60-7EE6-4463-B1BD-72A7B89CF370}"
EndProject
Project("{FAE04EC0-301F-11D3-BF4B-00C04F79EFBC}") = "Cycles-In-A-Graph", "Cycles-In-A-Graph\Cycles-In-A-Graph.csproj", "{BCBFEBB9-713D-4484-A68E-21A476F1F5BD}"
EndProject
Project("{FAE04EC0-301F-11D3-BF4B-00C04F79EFBC}") = "Salaries", "Salaries\Salaries.csproj", "{EB8315B7-AF8C-4F2C-B2AA-7098FB876DFD}"
EndProject
Project("{2150E333-8FDC-42A3-9474-1A3956D46DE8}") = "AdvancedGraphAlgorithms", "AdvancedGraphAlgorithms", "{00A0285C-736A-4C04-8152-E21D35A184D5}"
EndProject
Project("{FAE04EC0-301F-11D3-BF4B-00C04F79EFBC}") = "Extend-A-Cable-Network", "Extend-A-Cable-Network\Extend-A-Cable-Network.csproj", "{EF8EAE39-1F1B-4116-AE84-1ADF1FFB9AD5}"
EndProject
Project("{FAE04EC0-301F-11D3-BF4B-00C04F79EFBC}") = "Modified-Kruskal-Algorithm", "Modified-Kruskal-Algorithm\Modified-Kruskal-Algorithm.csproj", "{BA7070E8-0314-409C-A2F2-30300F53CE4E}"
EndProject
Project("{FAE04EC0-301F-11D3-BF4B-00C04F79EFBC}") = "Most-Reliable-Path", "Most-Reliable-Path\Most-Reliable-Path.csproj", "{DB356686-5A6B-4B60-A4F8-A9F75F25CA6B}"
EndProject
Project("{FAE04EC0-301F-11D3-BF4B-00C04F79EFBC}") = "Shortest-Path-Between-All-Nde-Pairs", "Shortest-Path-Between-All-Nde-Pairs\Shortest-Path-Between-All-Nde-Pairs.csproj", "{00B1F50C-4F34-4CC0-A4ED-5F91189D8B7D}"
EndProject
Project("{FAE04EC0-301F-11D3-BF4B-00C04F79EFBC}") = "Shortest-Paths-With-Negative-Edges", "Shortest-Paths-With-Negative-Edges\Shortest-Paths-With-Negative-Edges.csproj", "{82CD7409-529A-4004-8A06-0C50C86453C2}"
EndProject
Global
	GlobalSection(SolutionConfigurationPlatforms) = preSolution
		Debug|Any CPU = Debug|Any CPU
		Release|Any CPU = Release|Any CPU
	EndGlobalSection
	GlobalSection(ProjectConfigurationPlatforms) = postSolution
		{87F47C6B-34E5-4451-B69C-4AAB1EFDB47D}.Debug|Any CPU.ActiveCfg = Debug|Any CPU
		{87F47C6B-34E5-4451-B69C-4AAB1EFDB47D}.Debug|Any CPU.Build.0 = Debug|Any CPU
		{87F47C6B-34E5-4451-B69C-4AAB1EFDB47D}.Release|Any CPU.ActiveCfg = Release|Any CPU
		{87F47C6B-34E5-4451-B69C-4AAB1EFDB47D}.Release|Any CPU.Build.0 = Release|Any CPU
		{CD701764-D075-4039-9AD8-6B556B8130AF}.Debug|Any CPU.ActiveCfg = Debug|Any CPU
		{CD701764-D075-4039-9AD8-6B556B8130AF}.Debug|Any CPU.Build.0 = Debug|Any CPU
		{CD701764-D075-4039-9AD8-6B556B8130AF}.Release|Any CPU.ActiveCfg = Release|Any CPU
		{CD701764-D075-4039-9AD8-6B556B8130AF}.Release|Any CPU.Build.0 = Release|Any CPU
		{3585D58B-534D-4A9E-B313-9777F1413CFC}.Debug|Any CPU.ActiveCfg = Debug|Any CPU
		{3585D58B-534D-4A9E-B313-9777F1413CFC}.Debug|Any CPU.Build.0 = Debug|Any CPU
		{3585D58B-534D-4A9E-B313-9777F1413CFC}.Release|Any CPU.ActiveCfg = Release|Any CPU
		{3585D58B-534D-4A9E-B313-9777F1413CFC}.Release|Any CPU.Build.0 = Release|Any CPU
		{A62CC696-13A4-4E26-9092-183C380BFA41}.Debug|Any CPU.ActiveCfg = Debug|Any CPU
		{A62CC696-13A4-4E26-9092-183C380BFA41}.Debug|Any CPU.Build.0 = Debug|Any CPU
		{A62CC696-13A4-4E26-9092-183C380BFA41}.Release|Any CPU.ActiveCfg = Release|Any CPU
		{A62CC696-13A4-4E26-9092-183C380BFA41}.Release|Any CPU.Build.0 = Release|Any CPU
		{52D9B006-1E14-4DA7-9F33-8828B52E2DC9}.Debug|Any CPU.ActiveCfg = Debug|Any CPU
		{52D9B006-1E14-4DA7-9F33-8828B52E2DC9}.Debug|Any CPU.Build.0 = Debug|Any CPU
		{52D9B006-1E14-4DA7-9F33-8828B52E2DC9}.Release|Any CPU.ActiveCfg = Release|Any CPU
		{52D9B006-1E14-4DA7-9F33-8828B52E2DC9}.Release|Any CPU.Build.0 = Release|Any CPU
		{B4A25B0F-0A88-4681-A1D9-DE76E1437DD7}.Debug|Any CPU.ActiveCfg = Debug|Any CPU
		{B4A25B0F-0A88-4681-A1D9-DE76E1437DD7}.Debug|Any CPU.Build.0 = Debug|Any CPU
		{B4A25B0F-0A88-4681-A1D9-DE76E1437DD7}.Release|Any CPU.ActiveCfg = Release|Any CPU
		{B4A25B0F-0A88-4681-A1D9-DE76E1437DD7}.Release|Any CPU.Build.0 = Release|Any CPU
		{698979D9-E850-4F07-BFA1-D73C3D9BEC44}.Debug|Any CPU.ActiveCfg = Debug|Any CPU
		{698979D9-E850-4F07-BFA1-D73C3D9BEC44}.Debug|Any CPU.Build.0 = Debug|Any CPU
		{698979D9-E850-4F07-BFA1-D73C3D9BEC44}.Release|Any CPU.ActiveCfg = Release|Any CPU
		{698979D9-E850-4F07-BFA1-D73C3D9BEC44}.Release|Any CPU.Build.0 = Release|Any CPU
		{A9710D19-9766-4646-8975-7D9BA304B172}.Debug|Any CPU.ActiveCfg = Debug|Any CPU
		{A9710D19-9766-4646-8975-7D9BA304B172}.Debug|Any CPU.Build.0 = Debug|Any CPU
		{A9710D19-9766-4646-8975-7D9BA304B172}.Release|Any CPU.ActiveCfg = Release|Any CPU
		{A9710D19-9766-4646-8975-7D9BA304B172}.Release|Any CPU.Build.0 = Release|Any CPU
		{134362D1-2083-4E9F-8E90-4C580BA95659}.Debug|Any CPU.ActiveCfg = Debug|Any CPU
		{134362D1-2083-4E9F-8E90-4C580BA95659}.Debug|Any CPU.Build.0 = Debug|Any CPU
		{134362D1-2083-4E9F-8E90-4C580BA95659}.Release|Any CPU.ActiveCfg = Release|Any CPU
		{134362D1-2083-4E9F-8E90-4C580BA95659}.Release|Any CPU.Build.0 = Release|Any CPU
		{5BEADB34-45A5-45B8-A391-032DD6DE57C6}.Debug|Any CPU.ActiveCfg = Debug|Any CPU
		{5BEADB34-45A5-45B8-A391-032DD6DE57C6}.Debug|Any CPU.Build.0 = Debug|Any CPU
		{5BEADB34-45A5-45B8-A391-032DD6DE57C6}.Release|Any CPU.ActiveCfg = Release|Any CPU
		{5BEADB34-45A5-45B8-A391-032DD6DE57C6}.Release|Any CPU.Build.0 = Release|Any CPU
		{A56940A4-FB2B-4DD4-AE9A-40E71D028CBE}.Debug|Any CPU.ActiveCfg = Debug|Any CPU
		{A56940A4-FB2B-4DD4-AE9A-40E71D028CBE}.Debug|Any CPU.Build.0 = Debug|Any CPU
		{A56940A4-FB2B-4DD4-AE9A-40E71D028CBE}.Release|Any CPU.ActiveCfg = Release|Any CPU
		{A56940A4-FB2B-4DD4-AE9A-40E71D028CBE}.Release|Any CPU.Build.0 = Release|Any CPU
		{E50852F2-C609-47C9-B3E5-A0313EEA62AB}.Debug|Any CPU.ActiveCfg = Debug|Any CPU
		{E50852F2-C609-47C9-B3E5-A0313EEA62AB}.Debug|Any CPU.Build.0 = Debug|Any CPU
		{E50852F2-C609-47C9-B3E5-A0313EEA62AB}.Release|Any CPU.ActiveCfg = Release|Any CPU
		{E50852F2-C609-47C9-B3E5-A0313EEA62AB}.Release|Any CPU.Build.0 = Release|Any CPU
		{F4A95425-C447-4A58-A730-3D87789C9F36}.Debug|Any CPU.ActiveCfg = Debug|Any CPU
		{F4A95425-C447-4A58-A730-3D87789C9F36}.Debug|Any CPU.Build.0 = Debug|Any CPU
		{F4A95425-C447-4A58-A730-3D87789C9F36}.Release|Any CPU.ActiveCfg = Release|Any CPU
		{F4A95425-C447-4A58-A730-3D87789C9F36}.Release|Any CPU.Build.0 = Release|Any CPU
		{15744058-F06D-4553-BD68-02B16375AE62}.Debug|Any CPU.ActiveCfg = Debug|Any CPU
		{15744058-F06D-4553-BD68-02B16375AE62}.Debug|Any CPU.Build.0 = Debug|Any CPU
		{15744058-F06D-4553-BD68-02B16375AE62}.Release|Any CPU.ActiveCfg = Release|Any CPU
		{15744058-F06D-4553-BD68-02B16375AE62}.Release|Any CPU.Build.0 = Release|Any CPU
		{01E33253-5A8E-407D-A1D1-318FC070282A}.Debug|Any CPU.ActiveCfg = Debug|Any CPU
		{01E33253-5A8E-407D-A1D1-318FC070282A}.Debug|Any CPU.Build.0 = Debug|Any CPU
		{01E33253-5A8E-407D-A1D1-318FC070282A}.Release|Any CPU.ActiveCfg = Release|Any CPU
		{01E33253-5A8E-407D-A1D1-318FC070282A}.Release|Any CPU.Build.0 = Release|Any CPU
		{789E4757-15E3-453D-ACAC-F5D5553521FF}.Debug|Any CPU.ActiveCfg = Debug|Any CPU
		{789E4757-15E3-453D-ACAC-F5D5553521FF}.Debug|Any CPU.Build.0 = Debug|Any CPU
		{789E4757-15E3-453D-ACAC-F5D5553521FF}.Release|Any CPU.ActiveCfg = Release|Any CPU
		{789E4757-15E3-453D-ACAC-F5D5553521FF}.Release|Any CPU.Build.0 = Release|Any CPU
		{F37CA890-5C74-4911-A407-82D30FBE2C52}.Debug|Any CPU.ActiveCfg = Debug|Any CPU
		{F37CA890-5C74-4911-A407-82D30FBE2C52}.Debug|Any CPU.Build.0 = Debug|Any CPU
		{F37CA890-5C74-4911-A407-82D30FBE2C52}.Release|Any CPU.ActiveCfg = Release|Any CPU
		{F37CA890-5C74-4911-A407-82D30FBE2C52}.Release|Any CPU.Build.0 = Release|Any CPU
		{E6921BA2-FBAC-439F-9125-7A644AC8E483}.Debug|Any CPU.ActiveCfg = Debug|Any CPU
		{E6921BA2-FBAC-439F-9125-7A644AC8E483}.Debug|Any CPU.Build.0 = Debug|Any CPU
		{E6921BA2-FBAC-439F-9125-7A644AC8E483}.Release|Any CPU.ActiveCfg = Release|Any CPU
		{E6921BA2-FBAC-439F-9125-7A644AC8E483}.Release|Any CPU.Build.0 = Release|Any CPU
		{05B98452-E394-47D9-94A3-C36B0BEFA88D}.Debug|Any CPU.ActiveCfg = Debug|Any CPU
		{05B98452-E394-47D9-94A3-C36B0BEFA88D}.Debug|Any CPU.Build.0 = Debug|Any CPU
		{05B98452-E394-47D9-94A3-C36B0BEFA88D}.Release|Any CPU.ActiveCfg = Release|Any CPU
		{05B98452-E394-47D9-94A3-C36B0BEFA88D}.Release|Any CPU.Build.0 = Release|Any CPU
		{3E612A76-5B73-4FF5-9442-35223AFD9376}.Debug|Any CPU.ActiveCfg = Debug|Any CPU
		{3E612A76-5B73-4FF5-9442-35223AFD9376}.Debug|Any CPU.Build.0 = Debug|Any CPU
		{3E612A76-5B73-4FF5-9442-35223AFD9376}.Release|Any CPU.ActiveCfg = Release|Any CPU
		{3E612A76-5B73-4FF5-9442-35223AFD9376}.Release|Any CPU.Build.0 = Release|Any CPU
		{6B50D40E-ED95-4AF2-9EBC-B91114CFD601}.Debug|Any CPU.ActiveCfg = Debug|Any CPU
		{6B50D40E-ED95-4AF2-9EBC-B91114CFD601}.Debug|Any CPU.Build.0 = Debug|Any CPU
		{6B50D40E-ED95-4AF2-9EBC-B91114CFD601}.Release|Any CPU.ActiveCfg = Release|Any CPU
		{6B50D40E-ED95-4AF2-9EBC-B91114CFD601}.Release|Any CPU.Build.0 = Release|Any CPU
		{52701C41-3C97-4C86-81F1-ED0A882C0699}.Debug|Any CPU.ActiveCfg = Debug|Any CPU
		{52701C41-3C97-4C86-81F1-ED0A882C0699}.Debug|Any CPU.Build.0 = Debug|Any CPU
		{52701C41-3C97-4C86-81F1-ED0A882C0699}.Release|Any CPU.ActiveCfg = Release|Any CPU
		{52701C41-3C97-4C86-81F1-ED0A882C0699}.Release|Any CPU.Build.0 = Release|Any CPU
		{AADD67FA-1F14-4873-A5DE-DC40A01E6E27}.Debug|Any CPU.ActiveCfg = Debug|Any CPU
		{AADD67FA-1F14-4873-A5DE-DC40A01E6E27}.Debug|Any CPU.Build.0 = Debug|Any CPU
		{AADD67FA-1F14-4873-A5DE-DC40A01E6E27}.Release|Any CPU.ActiveCfg = Release|Any CPU
		{AADD67FA-1F14-4873-A5DE-DC40A01E6E27}.Release|Any CPU.Build.0 = Release|Any CPU
		{AF3A73C7-ADAB-44BB-9D3B-AB54F46B5E7A}.Debug|Any CPU.ActiveCfg = Debug|Any CPU
		{AF3A73C7-ADAB-44BB-9D3B-AB54F46B5E7A}.Debug|Any CPU.Build.0 = Debug|Any CPU
		{AF3A73C7-ADAB-44BB-9D3B-AB54F46B5E7A}.Release|Any CPU.ActiveCfg = Release|Any CPU
		{AF3A73C7-ADAB-44BB-9D3B-AB54F46B5E7A}.Release|Any CPU.Build.0 = Release|Any CPU
		{3DE9A741-171D-4AAE-8D16-1157A2C21177}.Debug|Any CPU.ActiveCfg = Debug|Any CPU
		{3DE9A741-171D-4AAE-8D16-1157A2C21177}.Debug|Any CPU.Build.0 = Debug|Any CPU
		{3DE9A741-171D-4AAE-8D16-1157A2C21177}.Release|Any CPU.ActiveCfg = Release|Any CPU
		{3DE9A741-171D-4AAE-8D16-1157A2C21177}.Release|Any CPU.Build.0 = Release|Any CPU
		{7E4B9F67-71D0-4691-A12F-688F35E0136B}.Debug|Any CPU.ActiveCfg = Debug|Any CPU
		{7E4B9F67-71D0-4691-A12F-688F35E0136B}.Debug|Any CPU.Build.0 = Debug|Any CPU
		{7E4B9F67-71D0-4691-A12F-688F35E0136B}.Release|Any CPU.ActiveCfg = Release|Any CPU
		{7E4B9F67-71D0-4691-A12F-688F35E0136B}.Release|Any CPU.Build.0 = Release|Any CPU
		{380CE1A2-010B-499A-8B06-BB11B98CB75A}.Debug|Any CPU.ActiveCfg = Debug|Any CPU
		{380CE1A2-010B-499A-8B06-BB11B98CB75A}.Debug|Any CPU.Build.0 = Debug|Any CPU
		{380CE1A2-010B-499A-8B06-BB11B98CB75A}.Release|Any CPU.ActiveCfg = Release|Any CPU
		{380CE1A2-010B-499A-8B06-BB11B98CB75A}.Release|Any CPU.Build.0 = Release|Any CPU
		{2BF592C5-1EED-4091-A8FF-612334D0406B}.Debug|Any CPU.ActiveCfg = Debug|Any CPU
		{2BF592C5-1EED-4091-A8FF-612334D0406B}.Debug|Any CPU.Build.0 = Debug|Any CPU
		{2BF592C5-1EED-4091-A8FF-612334D0406B}.Release|Any CPU.ActiveCfg = Release|Any CPU
		{2BF592C5-1EED-4091-A8FF-612334D0406B}.Release|Any CPU.Build.0 = Release|Any CPU
		{1A76C388-6E5C-4E29-B78D-43B4D35853AA}.Debug|Any CPU.ActiveCfg = Debug|Any CPU
		{1A76C388-6E5C-4E29-B78D-43B4D35853AA}.Debug|Any CPU.Build.0 = Debug|Any CPU
		{1A76C388-6E5C-4E29-B78D-43B4D35853AA}.Release|Any CPU.ActiveCfg = Release|Any CPU
		{1A76C388-6E5C-4E29-B78D-43B4D35853AA}.Release|Any CPU.Build.0 = Release|Any CPU
		{2CB50F92-35AF-47E5-BA6F-02446AACD536}.Debug|Any CPU.ActiveCfg = Debug|Any CPU
		{2CB50F92-35AF-47E5-BA6F-02446AACD536}.Debug|Any CPU.Build.0 = Debug|Any CPU
		{2CB50F92-35AF-47E5-BA6F-02446AACD536}.Release|Any CPU.ActiveCfg = Release|Any CPU
		{2CB50F92-35AF-47E5-BA6F-02446AACD536}.Release|Any CPU.Build.0 = Release|Any CPU
		{7B2961BD-EBA1-4578-B3A5-446B08225683}.Debug|Any CPU.ActiveCfg = Debug|Any CPU
		{7B2961BD-EBA1-4578-B3A5-446B08225683}.Debug|Any CPU.Build.0 = Debug|Any CPU
		{7B2961BD-EBA1-4578-B3A5-446B08225683}.Release|Any CPU.ActiveCfg = Release|Any CPU
		{7B2961BD-EBA1-4578-B3A5-446B08225683}.Release|Any CPU.Build.0 = Release|Any CPU
		{13600D00-9867-44C5-AEFE-76BBEA609AD4}.Debug|Any CPU.ActiveCfg = Debug|Any CPU
		{13600D00-9867-44C5-AEFE-76BBEA609AD4}.Debug|Any CPU.Build.0 = Debug|Any CPU
		{13600D00-9867-44C5-AEFE-76BBEA609AD4}.Release|Any CPU.ActiveCfg = Release|Any CPU
		{13600D00-9867-44C5-AEFE-76BBEA609AD4}.Release|Any CPU.Build.0 = Release|Any CPU
		{0D2A53DF-777D-4A9F-A86D-1CF8610F9C39}.Debug|Any CPU.ActiveCfg = Debug|Any CPU
		{0D2A53DF-777D-4A9F-A86D-1CF8610F9C39}.Debug|Any CPU.Build.0 = Debug|Any CPU
		{0D2A53DF-777D-4A9F-A86D-1CF8610F9C39}.Release|Any CPU.ActiveCfg = Release|Any CPU
		{0D2A53DF-777D-4A9F-A86D-1CF8610F9C39}.Release|Any CPU.Build.0 = Release|Any CPU
		{98B3AFAE-19EB-4CBF-9BD2-0E7341F6B13B}.Debug|Any CPU.ActiveCfg = Debug|Any CPU
		{98B3AFAE-19EB-4CBF-9BD2-0E7341F6B13B}.Debug|Any CPU.Build.0 = Debug|Any CPU
		{98B3AFAE-19EB-4CBF-9BD2-0E7341F6B13B}.Release|Any CPU.ActiveCfg = Release|Any CPU
		{98B3AFAE-19EB-4CBF-9BD2-0E7341F6B13B}.Release|Any CPU.Build.0 = Release|Any CPU
		{D9844E60-7EE6-4463-B1BD-72A7B89CF370}.Debug|Any CPU.ActiveCfg = Debug|Any CPU
		{D9844E60-7EE6-4463-B1BD-72A7B89CF370}.Debug|Any CPU.Build.0 = Debug|Any CPU
		{D9844E60-7EE6-4463-B1BD-72A7B89CF370}.Release|Any CPU.ActiveCfg = Release|Any CPU
		{D9844E60-7EE6-4463-B1BD-72A7B89CF370}.Release|Any CPU.Build.0 = Release|Any CPU
		{BCBFEBB9-713D-4484-A68E-21A476F1F5BD}.Debug|Any CPU.ActiveCfg = Debug|Any CPU
		{BCBFEBB9-713D-4484-A68E-21A476F1F5BD}.Debug|Any CPU.Build.0 = Debug|Any CPU
		{BCBFEBB9-713D-4484-A68E-21A476F1F5BD}.Release|Any CPU.ActiveCfg = Release|Any CPU
		{BCBFEBB9-713D-4484-A68E-21A476F1F5BD}.Release|Any CPU.Build.0 = Release|Any CPU
		{EB8315B7-AF8C-4F2C-B2AA-7098FB876DFD}.Debug|Any CPU.ActiveCfg = Debug|Any CPU
		{EB8315B7-AF8C-4F2C-B2AA-7098FB876DFD}.Debug|Any CPU.Build.0 = Debug|Any CPU
		{EB8315B7-AF8C-4F2C-B2AA-7098FB876DFD}.Release|Any CPU.ActiveCfg = Release|Any CPU
		{EB8315B7-AF8C-4F2C-B2AA-7098FB876DFD}.Release|Any CPU.Build.0 = Release|Any CPU
		{EF8EAE39-1F1B-4116-AE84-1ADF1FFB9AD5}.Debug|Any CPU.ActiveCfg = Debug|Any CPU
		{EF8EAE39-1F1B-4116-AE84-1ADF1FFB9AD5}.Debug|Any CPU.Build.0 = Debug|Any CPU
		{EF8EAE39-1F1B-4116-AE84-1ADF1FFB9AD5}.Release|Any CPU.ActiveCfg = Release|Any CPU
		{EF8EAE39-1F1B-4116-AE84-1ADF1FFB9AD5}.Release|Any CPU.Build.0 = Release|Any CPU
		{BA7070E8-0314-409C-A2F2-30300F53CE4E}.Debug|Any CPU.ActiveCfg = Debug|Any CPU
		{BA7070E8-0314-409C-A2F2-30300F53CE4E}.Debug|Any CPU.Build.0 = Debug|Any CPU
		{BA7070E8-0314-409C-A2F2-30300F53CE4E}.Release|Any CPU.ActiveCfg = Release|Any CPU
		{BA7070E8-0314-409C-A2F2-30300F53CE4E}.Release|Any CPU.Build.0 = Release|Any CPU
		{DB356686-5A6B-4B60-A4F8-A9F75F25CA6B}.Debug|Any CPU.ActiveCfg = Debug|Any CPU
		{DB356686-5A6B-4B60-A4F8-A9F75F25CA6B}.Debug|Any CPU.Build.0 = Debug|Any CPU
		{DB356686-5A6B-4B60-A4F8-A9F75F25CA6B}.Release|Any CPU.ActiveCfg = Release|Any CPU
		{DB356686-5A6B-4B60-A4F8-A9F75F25CA6B}.Release|Any CPU.Build.0 = Release|Any CPU
		{00B1F50C-4F34-4CC0-A4ED-5F91189D8B7D}.Debug|Any CPU.ActiveCfg = Debug|Any CPU
		{00B1F50C-4F34-4CC0-A4ED-5F91189D8B7D}.Debug|Any CPU.Build.0 = Debug|Any CPU
		{00B1F50C-4F34-4CC0-A4ED-5F91189D8B7D}.Release|Any CPU.ActiveCfg = Release|Any CPU
		{00B1F50C-4F34-4CC0-A4ED-5F91189D8B7D}.Release|Any CPU.Build.0 = Release|Any CPU
		{82CD7409-529A-4004-8A06-0C50C86453C2}.Debug|Any CPU.ActiveCfg = Debug|Any CPU
		{82CD7409-529A-4004-8A06-0C50C86453C2}.Debug|Any CPU.Build.0 = Debug|Any CPU
		{82CD7409-529A-4004-8A06-0C50C86453C2}.Release|Any CPU.ActiveCfg = Release|Any CPU
		{82CD7409-529A-4004-8A06-0C50C86453C2}.Release|Any CPU.Build.0 = Release|Any CPU
	EndGlobalSection
	GlobalSection(SolutionProperties) = preSolution
		HideSolutionNode = FALSE
	EndGlobalSection
	GlobalSection(NestedProjects) = preSolution
		{87F47C6B-34E5-4451-B69C-4AAB1EFDB47D} = {8E993CD4-6C0A-42EE-BB12-D806A47E91D3}
		{CD701764-D075-4039-9AD8-6B556B8130AF} = {8E993CD4-6C0A-42EE-BB12-D806A47E91D3}
		{3585D58B-534D-4A9E-B313-9777F1413CFC} = {8E993CD4-6C0A-42EE-BB12-D806A47E91D3}
		{A62CC696-13A4-4E26-9092-183C380BFA41} = {8E993CD4-6C0A-42EE-BB12-D806A47E91D3}
		{52D9B006-1E14-4DA7-9F33-8828B52E2DC9} = {8E993CD4-6C0A-42EE-BB12-D806A47E91D3}
		{B4A25B0F-0A88-4681-A1D9-DE76E1437DD7} = {8E993CD4-6C0A-42EE-BB12-D806A47E91D3}
		{698979D9-E850-4F07-BFA1-D73C3D9BEC44} = {8E993CD4-6C0A-42EE-BB12-D806A47E91D3}
		{A9710D19-9766-4646-8975-7D9BA304B172} = {8E993CD4-6C0A-42EE-BB12-D806A47E91D3}
		{134362D1-2083-4E9F-8E90-4C580BA95659} = {8E993CD4-6C0A-42EE-BB12-D806A47E91D3}
		{5BEADB34-45A5-45B8-A391-032DD6DE57C6} = {8E993CD4-6C0A-42EE-BB12-D806A47E91D3}
		{A56940A4-FB2B-4DD4-AE9A-40E71D028CBE} = {8E993CD4-6C0A-42EE-BB12-D806A47E91D3}
		{E50852F2-C609-47C9-B3E5-A0313EEA62AB} = {8E993CD4-6C0A-42EE-BB12-D806A47E91D3}
		{F4A95425-C447-4A58-A730-3D87789C9F36} = {8E993CD4-6C0A-42EE-BB12-D806A47E91D3}
		{15744058-F06D-4553-BD68-02B16375AE62} = {9343F1D6-2EBF-4EC6-8718-1F990786F6F7}
		{821CA954-E0FC-496E-8C74-6BAC5DF98D9F} = {9343F1D6-2EBF-4EC6-8718-1F990786F6F7}
		{01E33253-5A8E-407D-A1D1-318FC070282A} = {821CA954-E0FC-496E-8C74-6BAC5DF98D9F}
		{789E4757-15E3-453D-ACAC-F5D5553521FF} = {821CA954-E0FC-496E-8C74-6BAC5DF98D9F}
		{F37CA890-5C74-4911-A407-82D30FBE2C52} = {9343F1D6-2EBF-4EC6-8718-1F990786F6F7}
		{E6921BA2-FBAC-439F-9125-7A644AC8E483} = {9343F1D6-2EBF-4EC6-8718-1F990786F6F7}
		{F97F10DF-67CE-427F-9900-ACD42D012817} = {0A95A03F-3B9F-4E44-A26D-5C305E2E6098}
		{05B98452-E394-47D9-94A3-C36B0BEFA88D} = {F97F10DF-67CE-427F-9900-ACD42D012817}
		{3E612A76-5B73-4FF5-9442-35223AFD9376} = {F97F10DF-67CE-427F-9900-ACD42D012817}
		{6B50D40E-ED95-4AF2-9EBC-B91114CFD601} = {F97F10DF-67CE-427F-9900-ACD42D012817}
		{52701C41-3C97-4C86-81F1-ED0A882C0699} = {F97F10DF-67CE-427F-9900-ACD42D012817}
		{AADD67FA-1F14-4873-A5DE-DC40A01E6E27} = {F97F10DF-67CE-427F-9900-ACD42D012817}
		{AF3A73C7-ADAB-44BB-9D3B-AB54F46B5E7A} = {F97F10DF-67CE-427F-9900-ACD42D012817}
		{3DE9A741-171D-4AAE-8D16-1157A2C21177} = {0A95A03F-3B9F-4E44-A26D-5C305E2E6098}
		{7E4B9F67-71D0-4691-A12F-688F35E0136B} = {0A95A03F-3B9F-4E44-A26D-5C305E2E6098}
		{380CE1A2-010B-499A-8B06-BB11B98CB75A} = {0A95A03F-3B9F-4E44-A26D-5C305E2E6098}
		{2BF592C5-1EED-4091-A8FF-612334D0406B} = {0A95A03F-3B9F-4E44-A26D-5C305E2E6098}
		{1A76C388-6E5C-4E29-B78D-43B4D35853AA} = {0A95A03F-3B9F-4E44-A26D-5C305E2E6098}
		{4AB61223-60E7-4ADB-9398-6142D1DA91BE} = {D27D385A-015C-4D58-A664-13F6B0317D19}
		{2CB50F92-35AF-47E5-BA6F-02446AACD536} = {4AB61223-60E7-4ADB-9398-6142D1DA91BE}
		{7B2961BD-EBA1-4578-B3A5-446B08225683} = {4AB61223-60E7-4ADB-9398-6142D1DA91BE}
		{13600D00-9867-44C5-AEFE-76BBEA609AD4} = {4AB61223-60E7-4ADB-9398-6142D1DA91BE}
		{0D2A53DF-777D-4A9F-A86D-1CF8610F9C39} = {4AB61223-60E7-4ADB-9398-6142D1DA91BE}
		{98B3AFAE-19EB-4CBF-9BD2-0E7341F6B13B} = {D27D385A-015C-4D58-A664-13F6B0317D19}
		{D9844E60-7EE6-4463-B1BD-72A7B89CF370} = {D27D385A-015C-4D58-A664-13F6B0317D19}
		{BCBFEBB9-713D-4484-A68E-21A476F1F5BD} = {D27D385A-015C-4D58-A664-13F6B0317D19}
		{EB8315B7-AF8C-4F2C-B2AA-7098FB876DFD} = {D27D385A-015C-4D58-A664-13F6B0317D19}
		{EF8EAE39-1F1B-4116-AE84-1ADF1FFB9AD5} = {00A0285C-736A-4C04-8152-E21D35A184D5}
		{BA7070E8-0314-409C-A2F2-30300F53CE4E} = {00A0285C-736A-4C04-8152-E21D35A184D5}
		{DB356686-5A6B-4B60-A4F8-A9F75F25CA6B} = {00A0285C-736A-4C04-8152-E21D35A184D5}
		{00B1F50C-4F34-4CC0-A4ED-5F91189D8B7D} = {00A0285C-736A-4C04-8152-E21D35A184D5}
		{82CD7409-529A-4004-8A06-0C50C86453C2} = {00A0285C-736A-4C04-8152-E21D35A184D5}
	EndGlobalSection
EndGlobal
