
Microsoft Visual Studio Solution File, Format Version 12.00
# Visual Studio 2013
VisualStudioVersion = 12.0.31101.0
MinimumVisualStudioVersion = 10.0.40219.1
Project("{2150E333-8FDC-42A3-9474-1A3956D46DE8}") = "Combinatorics", "Combinatorics", "{8E993CD4-6C0A-42EE-BB12-D806A47E91D3}"
EndProject
Project("{FAE04EC0-301F-11D3-BF4B-00C04F79EFBC}") = "Variations", "Variations\Variations.csproj", "{87F47C6B-34E5-4451-B69C-4AAB1EFDB47D}"
EndProject
Project("{FAE04EC0-301F-11D3-BF4B-00C04F79EFBC}") = "VariationsIterative", "VariationsIterative\VariationsIterative.csproj", "{CD701764-D075-4039-9AD8-6B556B8130AF}"
EndProject
Project("{FAE04EC0-301F-11D3-BF4B-00C04F79EFBC}") = "VariationsNoRep", "VariationsNoRep\VariationsNoRep.csproj", "{3585D58B-534D-4A9E-B313-9777F1413CFC}"
EndProject
Project("{FAE04EC0-301F-11D3-BF4B-00C04F79EFBC}") = "PermutationsWithRepetitions", "PermutationsWithRepetitions\PermutationsWithRepetitions.csproj", "{A62CC696-13A4-4E26-9092-183C380BFA41}"
EndProject
Project("{FAE04EC0-301F-11D3-BF4B-00C04F79EFBC}") = "CombinationsWithoutRepetition", "CombinationsWithoutRepetition\CombinationsWithoutRepetition.csproj", "{52D9B006-1E14-4DA7-9F33-8828B52E2DC9}"
EndProject
Project("{FAE04EC0-301F-11D3-BF4B-00C04F79EFBC}") = "Variations-with-Repetition", "Variations-with-Repetition\Variations-with-Repetition.csproj", "{B4A25B0F-0A88-4681-A1D9-DE76E1437DD7}"
EndProject
Project("{FAE04EC0-301F-11D3-BF4B-00C04F79EFBC}") = "Variations-without-Repetition", "Variations-without-Repetition\Variations-without-Repetition.csproj", "{698979D9-E850-4F07-BFA1-D73C3D9BEC44}"
EndProject
Project("{FAE04EC0-301F-11D3-BF4B-00C04F79EFBC}") = "Combinations-with-Repetition", "Combinations-with-Repetition\Combinations-with-Repetition.csproj", "{A9710D19-9766-4646-8975-7D9BA304B172}"
EndProject
Project("{FAE04EC0-301F-11D3-BF4B-00C04F79EFBC}") = "Combinations-without-Repetition", "Combinations-without-Repetition\Combinations-without-Repetition.csproj", "{134362D1-2083-4E9F-8E90-4C580BA95659}"
EndProject
Project("{FAE04EC0-301F-11D3-BF4B-00C04F79EFBC}") = "Combinations-without-Repetition-with-Iteration", "Combinations-without-Repetition-with-Iteration\Combinations-without-Repetition-with-Iteration.csproj", "{5BEADB34-45A5-45B8-A391-032DD6DE57C6}"
EndProject
Project("{FAE04EC0-301F-11D3-BF4B-00C04F79EFBC}") = "Generate-Subsets-Of-String-Array", "Generate-Subsets-Of-String-Array\Generate-Subsets-Of-String-Array.csproj", "{A56940A4-FB2B-4DD4-AE9A-40E71D028CBE}"
EndProject
Project("{FAE04EC0-301F-11D3-BF4B-00C04F79EFBC}") = "Snakes", "Snakes\Snakes.csproj", "{E50852F2-C609-47C9-B3E5-A0313EEA62AB}"
EndProject
Project("{FAE04EC0-301F-11D3-BF4B-00C04F79EFBC}") = "Cubes", "Cubes\Cubes.csproj", "{F4A95425-C447-4A58-A730-3D87789C9F36}"
EndProject
Project("{2150E333-8FDC-42A3-9474-1A3956D46DE8}") = "Sorting-Algorithms", "Sorting-Algorithms", "{9343F1D6-2EBF-4EC6-8718-1F990786F6F7}"
EndProject
Project("{FAE04EC0-301F-11D3-BF4B-00C04F79EFBC}") = "Mergesort", "Mergesort\Mergesort.csproj", "{15744058-F06D-4553-BD68-02B16375AE62}"
EndProject
Project("{2150E333-8FDC-42A3-9474-1A3956D46DE8}") = "Lab", "Lab", "{821CA954-E0FC-496E-8C74-6BAC5DF98D9F}"
EndProject
Project("{FAE04EC0-301F-11D3-BF4B-00C04F79EFBC}") = "Sortable-Collection", "Sorting-and-Searching-Algorithms-Lab\Sortable-Collection\Sortable-Collection.csproj", "{01E33253-5A8E-407D-A1D1-318FC070282A}"
EndProject
Project("{FAE04EC0-301F-11D3-BF4B-00C04F79EFBC}") = "Sortable-Collection.Tests", "Sorting-and-Searching-Algorithms-Lab\Sortable-Collection.Tests\Sortable-Collection.Tests.csproj", "{789E4757-15E3-453D-ACAC-F5D5553521FF}"
EndProject
Project("{FAE04EC0-301F-11D3-BF4B-00C04F79EFBC}") = "Words", "Words\Words.csproj", "{F37CA890-5C74-4911-A407-82D30FBE2C52}"
EndProject
Global
	GlobalSection(SolutionConfigurationPlatforms) = preSolution
		Debug|Any CPU = Debug|Any CPU
		Release|Any CPU = Release|Any CPU
	EndGlobalSection
	GlobalSection(ProjectConfigurationPlatforms) = postSolution
		{87F47C6B-34E5-4451-B69C-4AAB1EFDB47D}.Debug|Any CPU.ActiveCfg = Debug|Any CPU
		{87F47C6B-34E5-4451-B69C-4AAB1EFDB47D}.Debug|Any CPU.Build.0 = Debug|Any CPU
		{87F47C6B-34E5-4451-B69C-4AAB1EFDB47D}.Release|Any CPU.ActiveCfg = Release|Any CPU
		{87F47C6B-34E5-4451-B69C-4AAB1EFDB47D}.Release|Any CPU.Build.0 = Release|Any CPU
		{CD701764-D075-4039-9AD8-6B556B8130AF}.Debug|Any CPU.ActiveCfg = Debug|Any CPU
		{CD701764-D075-4039-9AD8-6B556B8130AF}.Debug|Any CPU.Build.0 = Debug|Any CPU
		{CD701764-D075-4039-9AD8-6B556B8130AF}.Release|Any CPU.ActiveCfg = Release|Any CPU
		{CD701764-D075-4039-9AD8-6B556B8130AF}.Release|Any CPU.Build.0 = Release|Any CPU
		{3585D58B-534D-4A9E-B313-9777F1413CFC}.Debug|Any CPU.ActiveCfg = Debug|Any CPU
		{3585D58B-534D-4A9E-B313-9777F1413CFC}.Debug|Any CPU.Build.0 = Debug|Any CPU
		{3585D58B-534D-4A9E-B313-9777F1413CFC}.Release|Any CPU.ActiveCfg = Release|Any CPU
		{3585D58B-534D-4A9E-B313-9777F1413CFC}.Release|Any CPU.Build.0 = Release|Any CPU
		{A62CC696-13A4-4E26-9092-183C380BFA41}.Debug|Any CPU.ActiveCfg = Debug|Any CPU
		{A62CC696-13A4-4E26-9092-183C380BFA41}.Debug|Any CPU.Build.0 = Debug|Any CPU
		{A62CC696-13A4-4E26-9092-183C380BFA41}.Release|Any CPU.ActiveCfg = Release|Any CPU
		{A62CC696-13A4-4E26-9092-183C380BFA41}.Release|Any CPU.Build.0 = Release|Any CPU
		{52D9B006-1E14-4DA7-9F33-8828B52E2DC9}.Debug|Any CPU.ActiveCfg = Debug|Any CPU
		{52D9B006-1E14-4DA7-9F33-8828B52E2DC9}.Debug|Any CPU.Build.0 = Debug|Any CPU
		{52D9B006-1E14-4DA7-9F33-8828B52E2DC9}.Release|Any CPU.ActiveCfg = Release|Any CPU
		{52D9B006-1E14-4DA7-9F33-8828B52E2DC9}.Release|Any CPU.Build.0 = Release|Any CPU
		{B4A25B0F-0A88-4681-A1D9-DE76E1437DD7}.Debug|Any CPU.ActiveCfg = Debug|Any CPU
		{B4A25B0F-0A88-4681-A1D9-DE76E1437DD7}.Debug|Any CPU.Build.0 = Debug|Any CPU
		{B4A25B0F-0A88-4681-A1D9-DE76E1437DD7}.Release|Any CPU.ActiveCfg = Release|Any CPU
		{B4A25B0F-0A88-4681-A1D9-DE76E1437DD7}.Release|Any CPU.Build.0 = Release|Any CPU
		{698979D9-E850-4F07-BFA1-D73C3D9BEC44}.Debug|Any CPU.ActiveCfg = Debug|Any CPU
		{698979D9-E850-4F07-BFA1-D73C3D9BEC44}.Debug|Any CPU.Build.0 = Debug|Any CPU
		{698979D9-E850-4F07-BFA1-D73C3D9BEC44}.Release|Any CPU.ActiveCfg = Release|Any CPU
		{698979D9-E850-4F07-BFA1-D73C3D9BEC44}.Release|Any CPU.Build.0 = Release|Any CPU
		{A9710D19-9766-4646-8975-7D9BA304B172}.Debug|Any CPU.ActiveCfg = Debug|Any CPU
		{A9710D19-9766-4646-8975-7D9BA304B172}.Debug|Any CPU.Build.0 = Debug|Any CPU
		{A9710D19-9766-4646-8975-7D9BA304B172}.Release|Any CPU.ActiveCfg = Release|Any CPU
		{A9710D19-9766-4646-8975-7D9BA304B172}.Release|Any CPU.Build.0 = Release|Any CPU
		{134362D1-2083-4E9F-8E90-4C580BA95659}.Debug|Any CPU.ActiveCfg = Debug|Any CPU
		{134362D1-2083-4E9F-8E90-4C580BA95659}.Debug|Any CPU.Build.0 = Debug|Any CPU
		{134362D1-2083-4E9F-8E90-4C580BA95659}.Release|Any CPU.ActiveCfg = Release|Any CPU
		{134362D1-2083-4E9F-8E90-4C580BA95659}.Release|Any CPU.Build.0 = Release|Any CPU
		{5BEADB34-45A5-45B8-A391-032DD6DE57C6}.Debug|Any CPU.ActiveCfg = Debug|Any CPU
		{5BEADB34-45A5-45B8-A391-032DD6DE57C6}.Debug|Any CPU.Build.0 = Debug|Any CPU
		{5BEADB34-45A5-45B8-A391-032DD6DE57C6}.Release|Any CPU.ActiveCfg = Release|Any CPU
		{5BEADB34-45A5-45B8-A391-032DD6DE57C6}.Release|Any CPU.Build.0 = Release|Any CPU
		{A56940A4-FB2B-4DD4-AE9A-40E71D028CBE}.Debug|Any CPU.ActiveCfg = Debug|Any CPU
		{A56940A4-FB2B-4DD4-AE9A-40E71D028CBE}.Debug|Any CPU.Build.0 = Debug|Any CPU
		{A56940A4-FB2B-4DD4-AE9A-40E71D028CBE}.Release|Any CPU.ActiveCfg = Release|Any CPU
		{A56940A4-FB2B-4DD4-AE9A-40E71D028CBE}.Release|Any CPU.Build.0 = Release|Any CPU
		{E50852F2-C609-47C9-B3E5-A0313EEA62AB}.Debug|Any CPU.ActiveCfg = Debug|Any CPU
		{E50852F2-C609-47C9-B3E5-A0313EEA62AB}.Debug|Any CPU.Build.0 = Debug|Any CPU
		{E50852F2-C609-47C9-B3E5-A0313EEA62AB}.Release|Any CPU.ActiveCfg = Release|Any CPU
		{E50852F2-C609-47C9-B3E5-A0313EEA62AB}.Release|Any CPU.Build.0 = Release|Any CPU
		{F4A95425-C447-4A58-A730-3D87789C9F36}.Debug|Any CPU.ActiveCfg = Debug|Any CPU
		{F4A95425-C447-4A58-A730-3D87789C9F36}.Debug|Any CPU.Build.0 = Debug|Any CPU
		{F4A95425-C447-4A58-A730-3D87789C9F36}.Release|Any CPU.ActiveCfg = Release|Any CPU
		{F4A95425-C447-4A58-A730-3D87789C9F36}.Release|Any CPU.Build.0 = Release|Any CPU
		{15744058-F06D-4553-BD68-02B16375AE62}.Debug|Any CPU.ActiveCfg = Debug|Any CPU
		{15744058-F06D-4553-BD68-02B16375AE62}.Debug|Any CPU.Build.0 = Debug|Any CPU
		{15744058-F06D-4553-BD68-02B16375AE62}.Release|Any CPU.ActiveCfg = Release|Any CPU
		{15744058-F06D-4553-BD68-02B16375AE62}.Release|Any CPU.Build.0 = Release|Any CPU
		{01E33253-5A8E-407D-A1D1-318FC070282A}.Debug|Any CPU.ActiveCfg = Debug|Any CPU
		{01E33253-5A8E-407D-A1D1-318FC070282A}.Debug|Any CPU.Build.0 = Debug|Any CPU
		{01E33253-5A8E-407D-A1D1-318FC070282A}.Release|Any CPU.ActiveCfg = Release|Any CPU
		{01E33253-5A8E-407D-A1D1-318FC070282A}.Release|Any CPU.Build.0 = Release|Any CPU
		{789E4757-15E3-453D-ACAC-F5D5553521FF}.Debug|Any CPU.ActiveCfg = Debug|Any CPU
		{789E4757-15E3-453D-ACAC-F5D5553521FF}.Debug|Any CPU.Build.0 = Debug|Any CPU
		{789E4757-15E3-453D-ACAC-F5D5553521FF}.Release|Any CPU.ActiveCfg = Release|Any CPU
		{789E4757-15E3-453D-ACAC-F5D5553521FF}.Release|Any CPU.Build.0 = Release|Any CPU
		{F37CA890-5C74-4911-A407-82D30FBE2C52}.Debug|Any CPU.ActiveCfg = Debug|Any CPU
		{F37CA890-5C74-4911-A407-82D30FBE2C52}.Debug|Any CPU.Build.0 = Debug|Any CPU
		{F37CA890-5C74-4911-A407-82D30FBE2C52}.Release|Any CPU.ActiveCfg = Release|Any CPU
		{F37CA890-5C74-4911-A407-82D30FBE2C52}.Release|Any CPU.Build.0 = Release|Any CPU
	EndGlobalSection
	GlobalSection(SolutionProperties) = preSolution
		HideSolutionNode = FALSE
	EndGlobalSection
	GlobalSection(NestedProjects) = preSolution
		{87F47C6B-34E5-4451-B69C-4AAB1EFDB47D} = {8E993CD4-6C0A-42EE-BB12-D806A47E91D3}
		{CD701764-D075-4039-9AD8-6B556B8130AF} = {8E993CD4-6C0A-42EE-BB12-D806A47E91D3}
		{3585D58B-534D-4A9E-B313-9777F1413CFC} = {8E993CD4-6C0A-42EE-BB12-D806A47E91D3}
		{A62CC696-13A4-4E26-9092-183C380BFA41} = {8E993CD4-6C0A-42EE-BB12-D806A47E91D3}
		{52D9B006-1E14-4DA7-9F33-8828B52E2DC9} = {8E993CD4-6C0A-42EE-BB12-D806A47E91D3}
		{B4A25B0F-0A88-4681-A1D9-DE76E1437DD7} = {8E993CD4-6C0A-42EE-BB12-D806A47E91D3}
		{698979D9-E850-4F07-BFA1-D73C3D9BEC44} = {8E993CD4-6C0A-42EE-BB12-D806A47E91D3}
		{A9710D19-9766-4646-8975-7D9BA304B172} = {8E993CD4-6C0A-42EE-BB12-D806A47E91D3}
		{134362D1-2083-4E9F-8E90-4C580BA95659} = {8E993CD4-6C0A-42EE-BB12-D806A47E91D3}
		{5BEADB34-45A5-45B8-A391-032DD6DE57C6} = {8E993CD4-6C0A-42EE-BB12-D806A47E91D3}
		{A56940A4-FB2B-4DD4-AE9A-40E71D028CBE} = {8E993CD4-6C0A-42EE-BB12-D806A47E91D3}
		{E50852F2-C609-47C9-B3E5-A0313EEA62AB} = {8E993CD4-6C0A-42EE-BB12-D806A47E91D3}
		{F4A95425-C447-4A58-A730-3D87789C9F36} = {8E993CD4-6C0A-42EE-BB12-D806A47E91D3}
		{15744058-F06D-4553-BD68-02B16375AE62} = {9343F1D6-2EBF-4EC6-8718-1F990786F6F7}
		{821CA954-E0FC-496E-8C74-6BAC5DF98D9F} = {9343F1D6-2EBF-4EC6-8718-1F990786F6F7}
		{01E33253-5A8E-407D-A1D1-318FC070282A} = {821CA954-E0FC-496E-8C74-6BAC5DF98D9F}
		{789E4757-15E3-453D-ACAC-F5D5553521FF} = {821CA954-E0FC-496E-8C74-6BAC5DF98D9F}
		{F37CA890-5C74-4911-A407-82D30FBE2C52} = {9343F1D6-2EBF-4EC6-8718-1F990786F6F7}
	EndGlobalSection
EndGlobal
